// !$*UTF8*$!
{
	archiveVersion = 1;
	classes = {
	};
	objectVersion = 50;
	objects = {

/* Begin PBXBuildFile section */
		AA8FE0E722D5DE0B001A3ECD /* AppDelegate.swift in Sources */ = {isa = PBXBuildFile; fileRef = AA8FE0E622D5DE0B001A3ECD /* AppDelegate.swift */; };
		AA8FE0E922D5DE0B001A3ECD /* ViewController.swift in Sources */ = {isa = PBXBuildFile; fileRef = AA8FE0E822D5DE0B001A3ECD /* ViewController.swift */; };
		AA8FE0EC22D5DE0B001A3ECD /* Main.storyboard in Resources */ = {isa = PBXBuildFile; fileRef = AA8FE0EA22D5DE0B001A3ECD /* Main.storyboard */; };
		AA8FE0EE22D5DE0E001A3ECD /* Assets.xcassets in Resources */ = {isa = PBXBuildFile; fileRef = AA8FE0ED22D5DE0E001A3ECD /* Assets.xcassets */; };
		AA8FE0F122D5DE0E001A3ECD /* LaunchScreen.storyboard in Resources */ = {isa = PBXBuildFile; fileRef = AA8FE0EF22D5DE0E001A3ECD /* LaunchScreen.storyboard */; };
/* End PBXBuildFile section */

/* Begin PBXFileReference section */
		AA8FE0E322D5DE0B001A3ECD /* githubpractice.app */ = {isa = PBXFileReference; explicitFileType = wrapper.application; includeInIndex = 0; path = githubpractice.app; sourceTree = BUILT_PRODUCTS_DIR; };
		AA8FE0E622D5DE0B001A3ECD /* AppDelegate.swift */ = {isa = PBXFileReference; lastKnownFileType = sourcecode.swift; path = AppDelegate.swift; sourceTree = "<group>"; };
		AA8FE0E822D5DE0B001A3ECD /* ViewController.swift */ = {isa = PBXFileReference; lastKnownFileType = sourcecode.swift; path = ViewController.swift; sourceTree = "<group>"; };
		AA8FE0EB22D5DE0B001A3ECD /* Base */ = {isa = PBXFileReference; lastKnownFileType = file.storyboard; name = Base; path = Base.lproj/Main.storyboard; sourceTree = "<group>"; };
		AA8FE0ED22D5DE0E001A3ECD /* Assets.xcassets */ = {isa = PBXFileReference; lastKnownFileType = folder.assetcatalog; path = Assets.xcassets; sourceTree = "<group>"; };
		AA8FE0F022D5DE0E001A3ECD /* Base */ = {isa = PBXFileReference; lastKnownFileType = file.storyboard; name = Base; path = Base.lproj/LaunchScreen.storyboard; sourceTree = "<group>"; };
		AA8FE0F222D5DE0E001A3ECD /* Info.plist */ = {isa = PBXFileReference; lastKnownFileType = text.plist.xml; path = Info.plist; sourceTree = "<group>"; };
/* End PBXFileReference section */

/* Begin PBXFrameworksBuildPhase section */
		AA8FE0E022D5DE0B001A3ECD /* Frameworks */ = {
			isa = PBXFrameworksBuildPhase;
			buildActionMask = 2147483647;
			files = (
			);
			runOnlyForDeploymentPostprocessing = 0;
		};
/* End PBXFrameworksBuildPhase section */

/* Begin PBXGroup section */
		AA8FE0DA22D5DE0B001A3ECD = {
			isa = PBXGroup;
			children = (
				AA8FE0E522D5DE0B001A3ECD /* githubpractice */,
				AA8FE0E422D5DE0B001A3ECD /* Products */,
			);
			sourceTree = "<group>";
		};
		AA8FE0E422D5DE0B001A3ECD /* Products */ = {
			isa = PBXGroup;
			children = (
				AA8FE0E322D5DE0B001A3ECD /* githubpractice.app */,
			);
			name = Products;
			sourceTree = "<group>";
		};
		AA8FE0E522D5DE0B001A3ECD /* githubpractice */ = {
			isa = PBXGroup;
			children = (
				AA8FE0E622D5DE0B001A3ECD /* AppDelegate.swift */,
				AA8FE0E822D5DE0B001A3ECD /* ViewController.swift */,
				AA8FE0EA22D5DE0B001A3ECD /* Main.storyboard */,
				AA8FE0ED22D5DE0E001A3ECD /* Assets.xcassets */,
				AA8FE0EF22D5DE0E001A3ECD /* LaunchScreen.storyboard */,
				AA8FE0F222D5DE0E001A3ECD /* Info.plist */,
			);
			path = githubpractice;
			sourceTree = "<group>";
		};
/* End PBXGroup section */

/* Begin PBXNativeTarget section */
		AA8FE0E222D5DE0B001A3ECD /* githubpractice */ = {
			isa = PBXNativeTarget;
			buildConfigurationList = AA8FE0F522D5DE0E001A3ECD /* Build configuration list for PBXNativeTarget "githubpractice" */;
			buildPhases = (
				AA8FE0DF22D5DE0B001A3ECD /* Sources */,
				AA8FE0E022D5DE0B001A3ECD /* Frameworks */,
				AA8FE0E122D5DE0B001A3ECD /* Resources */,
			);
			buildRules = (
			);
			dependencies = (
			);
			name = githubpractice;
			productName = githubpractice;
			productReference = AA8FE0E322D5DE0B001A3ECD /* githubpractice.app */;
			productType = "com.apple.product-type.application";
		};
/* End PBXNativeTarget section */

/* Begin PBXProject section */
		AA8FE0DB22D5DE0B001A3ECD /* Project object */ = {
			isa = PBXProject;
			attributes = {
				LastSwiftUpdateCheck = 1000;
				LastUpgradeCheck = 1000;
				ORGANIZATIONNAME = hami07;
				TargetAttributes = {
					AA8FE0E222D5DE0B001A3ECD = {
						CreatedOnToolsVersion = 10.0;
					};
				};
			};
			buildConfigurationList = AA8FE0DE22D5DE0B001A3ECD /* Build configuration list for PBXProject "githubpractice" */;
			compatibilityVersion = "Xcode 9.3";
			developmentRegion = en;
			hasScannedForEncodings = 0;
			knownRegions = (
				en,
				Base,
			);
			mainGroup = AA8FE0DA22D5DE0B001A3ECD;
			productRefGroup = AA8FE0E422D5DE0B001A3ECD /* Products */;
			projectDirPath = "";
			projectRoot = "";
			targets = (
				AA8FE0E222D5DE0B001A3ECD /* githubpractice */,
			);
		};
/* End PBXProject section */

/* Begin PBXResourcesBuildPhase section */
		AA8FE0E122D5DE0B001A3ECD /* Resources */ = {
			isa = PBXResourcesBuildPhase;
			buildActionMask = 2147483647;
			files = (
				AA8FE0F122D5DE0E001A3ECD /* LaunchScreen.storyboard in Resources */,
				AA8FE0EE22D5DE0E001A3ECD /* Assets.xcassets in Resources */,
				AA8FE0EC22D5DE0B001A3ECD /* Main.storyboard in Resources */,
			);
			runOnlyForDeploymentPostprocessing = 0;
		};
/* End PBXResourcesBuildPhase section */

/* Begin PBXSourcesBuildPhase section */
		AA8FE0DF22D5DE0B001A3ECD /* Sources */ = {
			isa = PBXSourcesBuildPhase;
			buildActionMask = 2147483647;
			files = (
				AA8FE0E922D5DE0B001A3ECD /* ViewController.swift in Sources */,
				AA8FE0E722D5DE0B001A3ECD /* AppDelegate.swift in Sources */,
			);
			runOnlyForDeploymentPostprocessing = 0;
		};
/* End PBXSourcesBuildPhase section */

/* Begin PBXVariantGroup section */
		AA8FE0EA22D5DE0B001A3ECD /* Main.storyboard */ = {
			isa = PBXVariantGroup;
			children = (
				AA8FE0EB22D5DE0B001A3ECD /* Base */,
			);
			name = Main.storyboard;
			sourceTree = "<group>";
		};
		AA8FE0EF22D5DE0E001A3ECD /* LaunchScreen.storyboard */ = {
			isa = PBXVariantGroup;
			children = (
				AA8FE0F022D5DE0E001A3ECD /* Base */,
			);
			name = LaunchScreen.storyboard;
			sourceTree = "<group>";
		};
/* End PBXVariantGroup section */

/* Begin XCBuildConfiguration section */
		AA8FE0F322D5DE0E001A3ECD /* Debug */ = {
			isa = XCBuildConfiguration;
			buildSettings = {
				ALWAYS_SEARCH_USER_PATHS = NO;
				CLANG_ANALYZER_NONNULL = YES;
				CLANG_ANALYZER_NUMBER_OBJECT_CONVERSION = YES_AGGRESSIVE;
				CLANG_CXX_LANGUAGE_STANDARD = "gnu++14";
				CLANG_CXX_LIBRARY = "libc++";
				CLANG_ENABLE_MODULES = YES;
				CLANG_ENABLE_OBJC_ARC = YES;
				CLANG_ENABLE_OBJC_WEAK = YES;
				CLANG_WARN_BLOCK_CAPTURE_AUTORELEASING = YES;
				CLANG_WARN_BOOL_CONVERSION = YES;
				CLANG_WARN_COMMA = YES;
				CLANG_WARN_CONSTANT_CONVERSION = YES;
				CLANG_WARN_DEPRECATED_OBJC_IMPLEMENTATIONS = YES;
				CLANG_WARN_DIRECT_OBJC_ISA_USAGE = YES_ERROR;
				CLANG_WARN_DOCUMENTATION_COMMENTS = YES;
				CLANG_WARN_EMPTY_BODY = YES;
				CLANG_WARN_ENUM_CONVERSION = YES;
				CLANG_WARN_INFINITE_RECURSION = YES;
				CLANG_WARN_INT_CONVERSION = YES;
				CLANG_WARN_NON_LITERAL_NULL_CONVERSION = YES;
				CLANG_WARN_OBJC_IMPLICIT_RETAIN_SELF = YES;
				CLANG_WARN_OBJC_LITERAL_CONVERSION = YES;
				CLANG_WARN_OBJC_ROOT_CLASS = YES_ERROR;
				CLANG_WARN_RANGE_LOOP_ANALYSIS = YES;
				CLANG_WARN_STRICT_PROTOTYPES = YES;
				CLANG_WARN_SUSPICIOUS_MOVE = YES;
				CLANG_WARN_UNGUARDED_AVAILABILITY = YES_AGGRESSIVE;
				CLANG_WARN_UNREACHABLE_CODE = YES;
				CLANG_WARN__DUPLICATE_METHOD_MATCH = YES;
				CODE_SIGN_IDENTITY = "iPhone Developer";
				COPY_PHASE_STRIP = NO;
				DEBUG_INFORMATION_FORMAT = dwarf;
				ENABLE_STRICT_OBJC_MSGSEND = YES;
				ENABLE_TESTABILITY = YES;
				GCC_C_LANGUAGE_STANDARD = gnu11;
				GCC_DYNAMIC_NO_PIC = NO;
				GCC_NO_COMMON_BLOCKS = YES;
				GCC_OPTIMIZATION_LEVEL = 0;
				GCC_PREPROCESSOR_DEFINITIONS = (
					"DEBUG=1",
					"$(inherited)",
				);
				GCC_WARN_64_TO_32_BIT_CONVERSION = YES;
				GCC_WARN_ABOUT_RETURN_TYPE = YES_ERROR;
				GCC_WARN_UNDECLARED_SELECTOR = YES;
				GCC_WARN_UNINITIALIZED_AUTOS = YES_AGGRESSIVE;
				GCC_WARN_UNUSED_FUNCTION = YES;
				GCC_WARN_UNUSED_VARIABLE = YES;
				IPHONEOS_DEPLOYMENT_TARGET = 12.0;
				MTL_ENABLE_DEBUG_INFO = INCLUDE_SOURCE;
				MTL_FAST_MATH = YES;
				ONLY_ACTIVE_ARCH = YES;
				SDKROOT = iphoneos;
				SWIFT_ACTIVE_COMPILATION_CONDITIONS = DEBUG;
				SWIFT_OPTIMIZATION_LEVEL = "-Onone";
			};
			name = Debug;
		};
		AA8FE0F422D5DE0E001A3ECD /* Release */ = {
			isa = XCBuildConfiguration;
			buildSettings = {
				ALWAYS_SEARCH_USER_PATHS = NO;
				CLANG_ANALYZER_NONNULL = YES;
				CLANG_ANALYZER_NUMBER_OBJECT_CONVERSION = YES_AGGRESSIVE;
				CLANG_CXX_LANGUAGE_STANDARD = "gnu++14";
				CLANG_CXX_LIBRARY = "libc++";
				CLANG_ENABLE_MODULES = YES;
				CLANG_ENABLE_OBJC_ARC = YES;
				CLANG_ENABLE_OBJC_WEAK = YES;
				CLANG_WARN_BLOCK_CAPTURE_AUTORELEASING = YES;
				CLANG_WARN_BOOL_CONVERSION = YES;
				CLANG_WARN_COMMA = YES;
				CLANG_WARN_CONSTANT_CONVERSION = YES;
				CLANG_WARN_DEPRECATED_OBJC_IMPLEMENTATIONS = YES;
				CLANG_WARN_DIRECT_OBJC_ISA_USAGE = YES_ERROR;
				CLANG_WARN_DOCUMENTATION_COMMENTS = YES;
				CLANG_WARN_EMPTY_BODY = YES;
				CLANG_WARN_ENUM_CONVERSION = YES;
				CLANG_WARN_INFINITE_RECURSION = YES;
				CLANG_WARN_INT_CONVERSION = YES;
				CLANG_WARN_NON_LITERAL_NULL_CONVERSION = YES;
				CLANG_WARN_OBJC_IMPLICIT_RETAIN_SELF = YES;
				CLANG_WARN_OBJC_LITERAL_CONVERSION = YES;
				CLANG_WARN_OBJC_ROOT_CLASS = YES_ERROR;
				CLANG_WARN_RANGE_LOOP_ANALYSIS = YES;
				CLANG_WARN_STRICT_PROTOTYPES = YES;
				CLANG_WARN_SUSPICIOUS_MOVE = YES;
				CLANG_WARN_UNGUARDED_AVAILABILITY = YES_AGGRESSIVE;
				CLANG_WARN_UNREACHABLE_CODE = YES;
				CLANG_WARN__DUPLICATE_METHOD_MATCH = YES;
				CODE_SIGN_IDENTITY = "iPhone Developer";
				COPY_PHASE_STRIP = NO;
				DEBUG_INFORMATION_FORMAT = "dwarf-with-dsym";
				ENABLE_NS_ASSERTIONS = NO;
				ENABLE_STRICT_OBJC_MSGSEND = YES;
				GCC_C_LANGUAGE_STANDARD = gnu11;
				GCC_NO_COMMON_BLOCKS = YES;
				GCC_WARN_64_TO_32_BIT_CONVERSION = YES;
				GCC_WARN_ABOUT_RETURN_TYPE = YES_ERROR;
				GCC_WARN_UNDECLARED_SELECTOR = YES;
				GCC_WARN_UNINITIALIZED_AUTOS = YES_AGGRESSIVE;
				GCC_WARN_UNUSED_FUNCTION = YES;
				GCC_WARN_UNUSED_VARIABLE = YES;
				IPHONEOS_DEPLOYMENT_TARGET = 12.0;
				MTL_ENABLE_DEBUG_INFO = NO;
				MTL_FAST_MATH = YES;
				SDKROOT = iphoneos;
				SWIFT_COMPILATION_MODE = wholemodule;
				SWIFT_OPTIMIZATION_LEVEL = "-O";
				VALIDATE_PRODUCT = YES;
			};
			name = Release;
		};
		AA8FE0F622D5DE0E001A3ECD /* Debug */ = {
			isa = XCBuildConfiguration;
			buildSettings = {
				ASSETCATALOG_COMPILER_APPICON_NAME = AppIcon;
				CODE_SIGN_STYLE = Automatic;
				INFOPLIST_FILE = githubpractice/Info.plist;
				LD_RUNPATH_SEARCH_PATHS = (
					"$(inherited)",
					"@executable_path/Frameworks",
				);
				PRODUCT_BUNDLE_IDENTIFIER = hami.githubpractice;
				PRODUCT_NAME = "$(TARGET_NAME)";
				SWIFT_VERSION = 4.2;
				TARGETED_DEVICE_FAMILY = "1,2";
			};
			name = Debug;
		};
		AA8FE0F722D5DE0E001A3ECD /* Release */ = {
			isa = XCBuildConfiguration;
			buildSettings = {
				ASSETCATALOG_COMPILER_APPICON_NAME = AppIcon;
				CODE_SIGN_STYLE = Automatic;
				INFOPLIST_FILE = githubpractice/Info.plist;
				LD_RUNPATH_SEARCH_PATHS = (
					"$(inherited)",
					"@executable_path/Frameworks",
				);
				PRODUCT_BUNDLE_IDENTIFIER = hami.githubpractice;
				PRODUCT_NAME = "$(TARGET_NAME)";
				SWIFT_VERSION = 4.2;
				TARGETED_DEVICE_FAMILY = "1,2";
			};
			name = Release;
		};
/* End XCBuildConfiguration section */

/* Begin XCConfigurationList section */
		AA8FE0DE22D5DE0B001A3ECD /* Build configuration list for PBXProject "githubpractice" */ = {
			isa = XCConfigurationList;
			buildConfigurations = (
				AA8FE0F322D5DE0E001A3ECD /* Debug */,
				AA8FE0F422D5DE0E001A3ECD /* Release */,
			);
			defaultConfigurationIsVisible = 0;
			defaultConfigurationName = Release;
		};
		AA8FE0F522D5DE0E001A3ECD /* Build configuration list for PBXNativeTarget "githubpractice" */ = {
			isa = XCConfigurationList;
			buildConfigurations = (
				AA8FE0F622D5DE0E001A3ECD /* Debug */,
				AA8FE0F722D5DE0E001A3ECD /* Release */,
			);
			defaultConfigurationIsVisible = 0;
			defaultConfigurationName = Release;
		};
/* End XCConfigurationList section */
	};
	rootObject = AA8FE0DB22D5DE0B001A3ECD /* Project object */;
}
